
Microsoft Visual Studio Solution File, Format Version 11.00
# Visual Studio 2010
Project("{FAE04EC0-301F-11D3-BF4B-00C04F79EFBC}") = "Hackaton", "Hackaton\Hackaton.csproj", "{F653A603-B15B-417A-A480-7D9FEDE3F7DC}"
EndProject
Project("{CC5FD16D-436D-48AD-A40C-5A424C6E3E79}") = "HackatonAzure", "HackatonAzure\HackatonAzure.ccproj", "{9F1B8A65-1F27-4F97-A046-D84C271C47DA}"
EndProject
Global
	GlobalSection(SolutionConfigurationPlatforms) = preSolution
		Debug|Any CPU = Debug|Any CPU
		Release|Any CPU = Release|Any CPU
	EndGlobalSection
	GlobalSection(ProjectConfigurationPlatforms) = postSolution
		{F653A603-B15B-417A-A480-7D9FEDE3F7DC}.Debug|Any CPU.ActiveCfg = Debug|Any CPU
		{F653A603-B15B-417A-A480-7D9FEDE3F7DC}.Debug|Any CPU.Build.0 = Debug|Any CPU
		{F653A603-B15B-417A-A480-7D9FEDE3F7DC}.Release|Any CPU.ActiveCfg = Release|Any CPU
		{F653A603-B15B-417A-A480-7D9FEDE3F7DC}.Release|Any CPU.Build.0 = Release|Any CPU
		{9F1B8A65-1F27-4F97-A046-D84C271C47DA}.Debug|Any CPU.ActiveCfg = Debug|Any CPU
		{9F1B8A65-1F27-4F97-A046-D84C271C47DA}.Debug|Any CPU.Build.0 = Debug|Any CPU
		{9F1B8A65-1F27-4F97-A046-D84C271C47DA}.Release|Any CPU.ActiveCfg = Release|Any CPU
		{9F1B8A65-1F27-4F97-A046-D84C271C47DA}.Release|Any CPU.Build.0 = Release|Any CPU
	EndGlobalSection
	GlobalSection(SolutionProperties) = preSolution
		HideSolutionNode = FALSE
	EndGlobalSection
EndGlobal
